
Microsoft Visual Studio Solution File, Format Version 12.00
Project("{FAE04EC0-301F-11D3-BF4B-00C04F79EFBC}") = "AvaLibTest", "AvaLibTest\AvaLibTest.csproj", "{2BCFEB4C-053E-406B-84D4-F61EB5AC6C94}"
EndProject
Project("{FAE04EC0-301F-11D3-BF4B-00C04F79EFBC}") = "Invoker", "Invoker\Invoker.csproj", "{8D0D80DB-E197-4D3E-80B3-DD840872C8F3}"
EndProject
Global
	GlobalSection(SolutionConfigurationPlatforms) = preSolution
		Debug|Any CPU = Debug|Any CPU
		Release|Any CPU = Release|Any CPU
	EndGlobalSection
	GlobalSection(ProjectConfigurationPlatforms) = postSolution
		{2BCFEB4C-053E-406B-84D4-F61EB5AC6C94}.Debug|Any CPU.ActiveCfg = Debug|Any CPU
		{2BCFEB4C-053E-406B-84D4-F61EB5AC6C94}.Debug|Any CPU.Build.0 = Debug|Any CPU
		{2BCFEB4C-053E-406B-84D4-F61EB5AC6C94}.Release|Any CPU.ActiveCfg = Release|Any CPU
		{2BCFEB4C-053E-406B-84D4-F61EB5AC6C94}.Release|Any CPU.Build.0 = Release|Any CPU
		{8D0D80DB-E197-4D3E-80B3-DD840872C8F3}.Debug|Any CPU.ActiveCfg = Debug|Any CPU
		{8D0D80DB-E197-4D3E-80B3-DD840872C8F3}.Debug|Any CPU.Build.0 = Debug|Any CPU
		{8D0D80DB-E197-4D3E-80B3-DD840872C8F3}.Release|Any CPU.ActiveCfg = Release|Any CPU
		{8D0D80DB-E197-4D3E-80B3-DD840872C8F3}.Release|Any CPU.Build.0 = Release|Any CPU
	EndGlobalSection
EndGlobal
